// !$*UTF8*$!
{
	archiveVersion = 1;
	classes = {
	};
	objectVersion = 77;
	objects = {

/* Begin PBXBuildFile section */
		D810D4CE2FAC896E00DE2AC3 /* WidgetKit.framework in Frameworks */ = {isa = PBXBuildFile; fileRef = D810D4CD2FAC896E00DE2AC3 /* WidgetKit.framework */; };
		D810D4D02FAC896E00DE2AC3 /* SwiftUI.framework in Frameworks */ = {isa = PBXBuildFile; fileRef = D810D4CF2FAC896E00DE2AC3 /* SwiftUI.framework */; };
		D810D4DF2FAC897100DE2AC3 /* NourishWidgetExtension.appex in Embed Foundation Extensions */ = {isa = PBXBuildFile; fileRef = D810D4CB2FAC896E00DE2AC3 /* NourishWidgetExtension.appex */; settings = {ATTRIBUTES = (RemoveHeadersOnCopy, ); }; };
		FB10000100000000FB000001 /* FirebaseAuth in Frameworks */ = {isa = PBXBuildFile; productRef = FB10010100000000FB000001 /* FirebaseAuth */; };
		FB10000200000000FB000001 /* FirebaseCore in Frameworks */ = {isa = PBXBuildFile; productRef = FB10010200000000FB000001 /* FirebaseCore */; };
		FB10000300000000FB000001 /* FirebaseFirestore in Frameworks */ = {isa = PBXBuildFile; productRef = FB10010300000000FB000001 /* FirebaseFirestore */; };
		FB10000400000000FB000001 /* FirebaseAnalytics in Frameworks */ = {isa = PBXBuildFile; productRef = FB10010400000000FB000001 /* FirebaseAnalytics */; };
/* End PBXBuildFile section */

/* Begin PBXContainerItemProxy section */
		D810D4DD2FAC897100DE2AC3 /* PBXContainerItemProxy */ = {
			isa = PBXContainerItemProxy;
			containerPortal = D88C2F332F9E0E4C00E02D22 /* Project object */;
			proxyType = 1;
			remoteGlobalIDString = D810D4CA2FAC896E00DE2AC3;
			remoteInfo = NourishWidgetExtension;
		};
/* End PBXContainerItemProxy section */

/* Begin PBXCopyFilesBuildPhase section */
		D810D4E42FAC897100DE2AC3 /* Embed Foundation Extensions */ = {
			isa = PBXCopyFilesBuildPhase;
			buildActionMask = 2147483647;
			dstPath = "";
			dstSubfolderSpec = 13;
			files = (
				D810D4DF2FAC897100DE2AC3 /* NourishWidgetExtension.appex in Embed Foundation Extensions */,
			);
			name = "Embed Foundation Extensions";
			runOnlyForDeploymentPostprocessing = 0;
		};
/* End PBXCopyFilesBuildPhase section */

/* Begin PBXFileReference section */
		D810D4CB2FAC896E00DE2AC3 /* NourishWidgetExtension.appex */ = {isa = PBXFileReference; explicitFileType = "wrapper.app-extension"; includeInIndex = 0; path = NourishWidgetExtension.appex; sourceTree = BUILT_PRODUCTS_DIR; };
		D810D4CD2FAC896E00DE2AC3 /* WidgetKit.framework */ = {isa = PBXFileReference; lastKnownFileType = wrapper.framework; name = WidgetKit.framework; path = System/Library/Frameworks/WidgetKit.framework; sourceTree = SDKROOT; };
		D810D4CF2FAC896E00DE2AC3 /* SwiftUI.framework */ = {isa = PBXFileReference; lastKnownFileType = wrapper.framework; name = SwiftUI.framework; path = System/Library/Frameworks/SwiftUI.framework; sourceTree = SDKROOT; };
		D88C2F3B2F9E0E4C00E02D22 /* Nourish.app */ = {isa = PBXFileReference; explicitFileType = wrapper.application; includeInIndex = 0; path = Nourish.app; sourceTree = BUILT_PRODUCTS_DIR; };
/* End PBXFileReference section */

/* Begin PBXFileSystemSynchronizedBuildFileExceptionSet section */
		D810D4E02FAC897100DE2AC3 /* Exceptions for "NourishWidget" folder in "NourishWidgetExtension" target */ = {
			isa = PBXFileSystemSynchronizedBuildFileExceptionSet;
			membershipExceptions = (
				Info.plist,
			);
			target = D810D4CA2FAC896E00DE2AC3 /* NourishWidgetExtension */;
		};
/* End PBXFileSystemSynchronizedBuildFileExceptionSet section */

/* Begin PBXFileSystemSynchronizedRootGroup section */
		D810D4D12FAC896E00DE2AC3 /* NourishWidget */ = {
			isa = PBXFileSystemSynchronizedRootGroup;
			exceptions = (
				D810D4E02FAC897100DE2AC3 /* Exceptions for "NourishWidget" folder in "NourishWidgetExtension" target */,
			);
			path = NourishWidget;
			sourceTree = "<group>";
		};
		D88C2F3D2F9E0E4C00E02D22 /* Nourish */ = {
			isa = PBXFileSystemSynchronizedRootGroup;
			path = Nourish;
			sourceTree = "<group>";
		};
/* End PBXFileSystemSynchronizedRootGroup section */

/* Begin PBXFrameworksBuildPhase section */
		D810D4C82FAC896E00DE2AC3 /* Frameworks */ = {
			isa = PBXFrameworksBuildPhase;
			buildActionMask = 2147483647;
			files = (
				D810D4D02FAC896E00DE2AC3 /* SwiftUI.framework in Frameworks */,
				D810D4CE2FAC896E00DE2AC3 /* WidgetKit.framework in Frameworks */,
			);
			runOnlyForDeploymentPostprocessing = 0;
		};
		D88C2F382F9E0E4C00E02D22 /* Frameworks */ = {
			isa = PBXFrameworksBuildPhase;
			buildActionMask = 2147483647;
			files = (
				FB10000100000000FB000001 /* FirebaseAuth in Frameworks */,
				FB10000200000000FB000001 /* FirebaseCore in Frameworks */,
				FB10000300000000FB000001 /* FirebaseFirestore in Frameworks */,
				FB10000400000000FB000001 /* FirebaseAnalytics in Frameworks */,
			);
			runOnlyForDeploymentPostprocessing = 0;
		};
/* End PBXFrameworksBuildPhase section */

/* Begin PBXGroup section */
		D810D4CC2FAC896E00DE2AC3 /* Frameworks */ = {
			isa = PBXGroup;
			children = (
				D810D4CD2FAC896E00DE2AC3 /* WidgetKit.framework */,
				D810D4CF2FAC896E00DE2AC3 /* SwiftUI.framework */,
			);
			name = Frameworks;
			sourceTree = "<group>";
		};
		D88C2F322F9E0E4C00E02D22 = {
			isa = PBXGroup;
			children = (
				D88C2F3D2F9E0E4C00E02D22 /* Nourish */,
				D810D4D12FAC896E00DE2AC3 /* NourishWidget */,
				D810D4CC2FAC896E00DE2AC3 /* Frameworks */,
				D88C2F3C2F9E0E4C00E02D22 /* Products */,
			);
			sourceTree = "<group>";
		};
		D88C2F3C2F9E0E4C00E02D22 /* Products */ = {
			isa = PBXGroup;
			children = (
				D88C2F3B2F9E0E4C00E02D22 /* Nourish.app */,
				D810D4CB2FAC896E00DE2AC3 /* NourishWidgetExtension.appex */,
			);
			name = Products;
			sourceTree = "<group>";
		};
/* End PBXGroup section */

/* Begin PBXNativeTarget section */
		D810D4CA2FAC896E00DE2AC3 /* NourishWidgetExtension */ = {
			isa = PBXNativeTarget;
			buildConfigurationList = D810D4E12FAC897100DE2AC3 /* Build configuration list for PBXNativeTarget "NourishWidgetExtension" */;
			buildPhases = (
				D810D4C72FAC896E00DE2AC3 /* Sources */,
				D810D4C82FAC896E00DE2AC3 /* Frameworks */,
				D810D4C92FAC896E00DE2AC3 /* Resources */,
			);
			buildRules = (
			);
			dependencies = (
			);
			fileSystemSynchronizedGroups = (
				D810D4D12FAC896E00DE2AC3 /* NourishWidget */,
			);
			name = NourishWidgetExtension;
			packageProductDependencies = (
			);
			productName = NourishWidgetExtension;
			productReference = D810D4CB2FAC896E00DE2AC3 /* NourishWidgetExtension.appex */;
			productType = "com.apple.product-type.app-extension";
		};
		D88C2F3A2F9E0E4C00E02D22 /* Nourish */ = {
			isa = PBXNativeTarget;
			buildConfigurationList = D88C2F462F9E0E4F00E02D22 /* Build configuration list for PBXNativeTarget "Nourish" */;
			buildPhases = (
				D88C2F372F9E0E4C00E02D22 /* Sources */,
				D88C2F382F9E0E4C00E02D22 /* Frameworks */,
				D88C2F392F9E0E4C00E02D22 /* Resources */,
				D810D4E42FAC897100DE2AC3 /* Embed Foundation Extensions */,
			);
			buildRules = (
			);
			dependencies = (
				D810D4DE2FAC897100DE2AC3 /* PBXTargetDependency */,
			);
			fileSystemSynchronizedGroups = (
				D88C2F3D2F9E0E4C00E02D22 /* Nourish */,
			);
			name = Nourish;
			packageProductDependencies = (
				FB10010100000000FB000001 /* FirebaseAuth */,
				FB10010200000000FB000001 /* FirebaseCore */,
				FB10010300000000FB000001 /* FirebaseFirestore */,
				FB10010400000000FB000001 /* FirebaseAnalytics */,
			);
			productName = Nourish;
			productReference = D88C2F3B2F9E0E4C00E02D22 /* Nourish.app */;
			productType = "com.apple.product-type.application";
		};
/* End PBXNativeTarget section */

/* Begin PBXProject section */
		D88C2F332F9E0E4C00E02D22 /* Project object */ = {
			isa = PBXProject;
			attributes = {
				BuildIndependentTargetsInParallel = 1;
				LastSwiftUpdateCheck = 2640;
				LastUpgradeCheck = 2640;
				TargetAttributes = {
					D810D4CA2FAC896E00DE2AC3 = {
						CreatedOnToolsVersion = 26.4.1;
					};
					D88C2F3A2F9E0E4C00E02D22 = {
						CreatedOnToolsVersion = 26.4.1;
					};
				};
			};
			buildConfigurationList = D88C2F362F9E0E4C00E02D22 /* Build configuration list for PBXProject "Nourish" */;
			developmentRegion = en;
			hasScannedForEncodings = 0;
			knownRegions = (
				en,
				Base,
			);
			mainGroup = D88C2F322F9E0E4C00E02D22;
			minimizedProjectReferenceProxies = 1;
			packageReferences = (
				FB10020000000000FB000001 /* XCRemoteSwiftPackageReference "firebase-ios-sdk" */,
			);
			preferredProjectObjectVersion = 77;
			productRefGroup = D88C2F3C2F9E0E4C00E02D22 /* Products */;
			projectDirPath = "";
			projectRoot = "";
			targets = (
				D88C2F3A2F9E0E4C00E02D22 /* Nourish */,
				D810D4CA2FAC896E00DE2AC3 /* NourishWidgetExtension */,
			);
		};
/* End PBXProject section */

/* Begin PBXResourcesBuildPhase section */
		D810D4C92FAC896E00DE2AC3 /* Resources */ = {
			isa = PBXResourcesBuildPhase;
			buildActionMask = 2147483647;
			files = (
			);
			runOnlyForDeploymentPostprocessing = 0;
		};
		D88C2F392F9E0E4C00E02D22 /* Resources */ = {
			isa = PBXResourcesBuildPhase;
			buildActionMask = 2147483647;
			files = (
			);
			runOnlyForDeploymentPostprocessing = 0;
		};
/* End PBXResourcesBuildPhase section */

/* Begin PBXSourcesBuildPhase section */
		D810D4C72FAC896E00DE2AC3 /* Sources */ = {
			isa = PBXSourcesBuildPhase;
			buildActionMask = 2147483647;
			files = (
			);
			runOnlyForDeploymentPostprocessing = 0;
		};
		D88C2F372F9E0E4C00E02D22 /* Sources */ = {
			isa = PBXSourcesBuildPhase;
			buildActionMask = 2147483647;
			files = (
			);
			runOnlyForDeploymentPostprocessing = 0;
		};
/* End PBXSourcesBuildPhase section */

/* Begin PBXTargetDependency section */
		D810D4DE2FAC897100DE2AC3 /* PBXTargetDependency */ = {
			isa = PBXTargetDependency;
			target = D810D4CA2FAC896E00DE2AC3 /* NourishWidgetExtension */;
			targetProxy = D810D4DD2FAC897100DE2AC3 /* PBXContainerItemProxy */;
		};
/* End PBXTargetDependency section */

/* Begin XCBuildConfiguration section */
		D810D4E22FAC897100DE2AC3 /* Debug */ = {
			isa = XCBuildConfiguration;
			buildSettings = {
				ASSETCATALOG_COMPILER_GLOBAL_ACCENT_COLOR_NAME = AccentColor;
				ASSETCATALOG_COMPILER_WIDGET_BACKGROUND_COLOR_NAME = WidgetBackground;
				CODE_SIGN_ENTITLEMENTS = NourishWidget/NourishWidgetExtension.entitlements;
				CODE_SIGN_IDENTITY = "Apple Development";
				CODE_SIGN_STYLE = Automatic;
				CURRENT_PROJECT_VERSION = 52;
				DEVELOPMENT_TEAM = K623VDGZF8;
				GENERATE_INFOPLIST_FILE = YES;
				INFOPLIST_FILE = NourishWidget/Info.plist;
				INFOPLIST_KEY_CFBundleDisplayName = Nourish;
				INFOPLIST_KEY_NSHumanReadableCopyright = "";
				IPHONEOS_DEPLOYMENT_TARGET = 17.0;
				LD_RUNPATH_SEARCH_PATHS = (
					"$(inherited)",
					"@executable_path/Frameworks",
					"@executable_path/../../Frameworks",
				);
				MARKETING_VERSION = 1.5;
				PRODUCT_BUNDLE_IDENTIFIER = com.yael.nourish.NourishWidget;
				PRODUCT_NAME = "$(TARGET_NAME)";
				SDKROOT = iphoneos;
				SKIP_INSTALL = YES;
				STRING_CATALOG_GENERATE_SYMBOLS = YES;
				SWIFT_APPROACHABLE_CONCURRENCY = YES;
				SWIFT_EMIT_LOC_STRINGS = YES;
				SWIFT_UPCOMING_FEATURE_MEMBER_IMPORT_VISIBILITY = YES;
				SWIFT_VERSION = 5.0;
				TARGETED_DEVICE_FAMILY = "1,2";
			};
			name = Debug;
		};
		D810D4E32FAC897100DE2AC3 /* Release */ = {
			isa = XCBuildConfiguration;
			buildSettings = {
				ASSETCATALOG_COMPILER_GLOBAL_ACCENT_COLOR_NAME = AccentColor;
				ASSETCATALOG_COMPILER_WIDGET_BACKGROUND_COLOR_NAME = WidgetBackground;
				CODE_SIGN_ENTITLEMENTS = NourishWidget/NourishWidgetExtension.entitlements;
				CODE_SIGN_IDENTITY = "Apple Development";
				CODE_SIGN_STYLE = Automatic;
				CURRENT_PROJECT_VERSION = 52;
				DEVELOPMENT_TEAM = K623VDGZF8;
				GENERATE_INFOPLIST_FILE = YES;
				INFOPLIST_FILE = NourishWidget/Info.plist;
				INFOPLIST_KEY_CFBundleDisplayName = Nourish;
				INFOPLIST_KEY_NSHumanReadableCopyright = "";
				IPHONEOS_DEPLOYMENT_TARGET = 17.0;
				LD_RUNPATH_SEARCH_PATHS = (
					"$(inherited)",
					"@executable_path/Frameworks",
					"@executable_path/../../Frameworks",
				);
				MARKETING_VERSION = 1.5;
				PRODUCT_BUNDLE_IDENTIFIER = com.yael.nourish.NourishWidget;
				PRODUCT_NAME = "$(TARGET_NAME)";
				SDKROOT = iphoneos;
				SKIP_INSTALL = YES;
				STRING_CATALOG_GENERATE_SYMBOLS = YES;
				SWIFT_APPROACHABLE_CONCURRENCY = YES;
				SWIFT_EMIT_LOC_STRINGS = YES;
				SWIFT_UPCOMING_FEATURE_MEMBER_IMPORT_VISIBILITY = YES;
				SWIFT_VERSION = 5.0;
				TARGETED_DEVICE_FAMILY = "1,2";
				VALIDATE_PRODUCT = YES;
			};
			name = Release;
		};
		D88C2F442F9E0E4F00E02D22 /* Debug */ = {
			isa = XCBuildConfiguration;
			buildSettings = {
				ALWAYS_SEARCH_USER_PATHS = NO;
				ASSETCATALOG_COMPILER_GENERATE_SWIFT_ASSET_SYMBOL_EXTENSIONS = YES;
				CLANG_ANALYZER_NONNULL = YES;
				CLANG_ANALYZER_NUMBER_OBJECT_CONVERSION = YES_AGGRESSIVE;
				CLANG_CXX_LANGUAGE_STANDARD = "gnu++20";
				CLANG_ENABLE_MODULES = YES;
				CLANG_ENABLE_OBJC_ARC = YES;
				CLANG_ENABLE_OBJC_WEAK = YES;
				CLANG_WARN_BLOCK_CAPTURE_AUTORELEASING = YES;
				CLANG_WARN_BOOL_CONVERSION = YES;
				CLANG_WARN_COMMA = YES;
				CLANG_WARN_CONSTANT_CONVERSION = YES;
				CLANG_WARN_DEPRECATED_OBJC_IMPLEMENTATIONS = YES;
				CLANG_WARN_DIRECT_OBJC_ISA_USAGE = YES_ERROR;
				CLANG_WARN_DOCUMENTATION_COMMENTS = YES;
				CLANG_WARN_EMPTY_BODY = YES;
				CLANG_WARN_ENUM_CONVERSION = YES;
				CLANG_WARN_INFINITE_RECURSION = YES;
				CLANG_WARN_INT_CONVERSION = YES;
				CLANG_WARN_NON_LITERAL_NULL_CONVERSION = YES;
				CLANG_WARN_OBJC_IMPLICIT_RETAIN_SELF = YES;
				CLANG_WARN_OBJC_LITERAL_CONVERSION = YES;
				CLANG_WARN_OBJC_ROOT_CLASS = YES_ERROR;
				CLANG_WARN_QUOTED_INCLUDE_IN_FRAMEWORK_HEADER = YES;
				CLANG_WARN_RANGE_LOOP_ANALYSIS = YES;
				CLANG_WARN_STRICT_PROTOTYPES = YES;
				CLANG_WARN_SUSPICIOUS_MOVE = YES;
				CLANG_WARN_UNGUARDED_AVAILABILITY = YES_AGGRESSIVE;
				CLANG_WARN_UNREACHABLE_CODE = YES;
				CLANG_WARN__DUPLICATE_METHOD_MATCH = YES;
				COPY_PHASE_STRIP = NO;
				DEBUG_INFORMATION_FORMAT = dwarf;
				DEVELOPMENT_TEAM = K623VDGZF8;
				ENABLE_STRICT_OBJC_MSGSEND = YES;
				ENABLE_TESTABILITY = YES;
				ENABLE_USER_SCRIPT_SANDBOXING = YES;
				GCC_C_LANGUAGE_STANDARD = gnu17;
				GCC_DYNAMIC_NO_PIC = NO;
				GCC_NO_COMMON_BLOCKS = YES;
				GCC_OPTIMIZATION_LEVEL = 0;
				GCC_PREPROCESSOR_DEFINITIONS = (
					"DEBUG=1",
					"$(inherited)",
				);
				GCC_WARN_64_TO_32_BIT_CONVERSION = YES;
				GCC_WARN_ABOUT_RETURN_TYPE = YES_ERROR;
				GCC_WARN_UNDECLARED_SELECTOR = YES;
				GCC_WARN_UNINITIALIZED_AUTOS = YES_AGGRESSIVE;
				GCC_WARN_UNUSED_FUNCTION = YES;
				GCC_WARN_UNUSED_VARIABLE = YES;
				LOCALIZATION_PREFERS_STRING_CATALOGS = YES;
				MTL_ENABLE_DEBUG_INFO = INCLUDE_SOURCE;
				MTL_FAST_MATH = YES;
				ONLY_ACTIVE_ARCH = YES;
				SWIFT_ACTIVE_COMPILATION_CONDITIONS = "DEBUG $(inherited)";
				SWIFT_OPTIMIZATION_LEVEL = "-Onone";
			};
			name = Debug;
		};
		D88C2F452F9E0E4F00E02D22 /* Release */ = {
			isa = XCBuildConfiguration;
			buildSettings = {
				ALWAYS_SEARCH_USER_PATHS = NO;
				ASSETCATALOG_COMPILER_GENERATE_SWIFT_ASSET_SYMBOL_EXTENSIONS = YES;
				CLANG_ANALYZER_NONNULL = YES;
				CLANG_ANALYZER_NUMBER_OBJECT_CONVERSION = YES_AGGRESSIVE;
				CLANG_CXX_LANGUAGE_STANDARD = "gnu++20";
				CLANG_ENABLE_MODULES = YES;
				CLANG_ENABLE_OBJC_ARC = YES;
				CLANG_ENABLE_OBJC_WEAK = YES;
				CLANG_WARN_BLOCK_CAPTURE_AUTORELEASING = YES;
				CLANG_WARN_BOOL_CONVERSION = YES;
				CLANG_WARN_COMMA = YES;
				CLANG_WARN_CONSTANT_CONVERSION = YES;
				CLANG_WARN_DEPRECATED_OBJC_IMPLEMENTATIONS = YES;
				CLANG_WARN_DIRECT_OBJC_ISA_USAGE = YES_ERROR;
				CLANG_WARN_DOCUMENTATION_COMMENTS = YES;
				CLANG_WARN_EMPTY_BODY = YES;
				CLANG_WARN_ENUM_CONVERSION = YES;
				CLANG_WARN_INFINITE_RECURSION = YES;
				CLANG_WARN_INT_CONVERSION = YES;
				CLANG_WARN_NON_LITERAL_NULL_CONVERSION = YES;
				CLANG_WARN_OBJC_IMPLICIT_RETAIN_SELF = YES;
				CLANG_WARN_OBJC_LITERAL_CONVERSION = YES;
				CLANG_WARN_OBJC_ROOT_CLASS = YES_ERROR;
				CLANG_WARN_QUOTED_INCLUDE_IN_FRAMEWORK_HEADER = YES;
				CLANG_WARN_RANGE_LOOP_ANALYSIS = YES;
				CLANG_WARN_STRICT_PROTOTYPES = YES;
				CLANG_WARN_SUSPICIOUS_MOVE = YES;
				CLANG_WARN_UNGUARDED_AVAILABILITY = YES_AGGRESSIVE;
				CLANG_WARN_UNREACHABLE_CODE = YES;
				CLANG_WARN__DUPLICATE_METHOD_MATCH = YES;
				CODE_SIGN_IDENTITY = "Apple Development";
				COPY_PHASE_STRIP = NO;
				DEBUG_INFORMATION_FORMAT = "dwarf-with-dsym";
				DEVELOPMENT_TEAM = K623VDGZF8;
				ENABLE_NS_ASSERTIONS = NO;
				ENABLE_STRICT_OBJC_MSGSEND = YES;
				ENABLE_USER_SCRIPT_SANDBOXING = YES;
				GCC_C_LANGUAGE_STANDARD = gnu17;
				GCC_NO_COMMON_BLOCKS = YES;
				GCC_WARN_64_TO_32_BIT_CONVERSION = YES;
				GCC_WARN_ABOUT_RETURN_TYPE = YES_ERROR;
				GCC_WARN_UNDECLARED_SELECTOR = YES;
				GCC_WARN_UNINITIALIZED_AUTOS = YES_AGGRESSIVE;
				GCC_WARN_UNUSED_FUNCTION = YES;
				GCC_WARN_UNUSED_VARIABLE = YES;
				LOCALIZATION_PREFERS_STRING_CATALOGS = YES;
				MTL_ENABLE_DEBUG_INFO = NO;
				MTL_FAST_MATH = YES;
				SWIFT_COMPILATION_MODE = wholemodule;
			};
			name = Release;
		};
		D88C2F472F9E0E4F00E02D22 /* Debug */ = {
			isa = XCBuildConfiguration;
			buildSettings = {
				ASSETCATALOG_COMPILER_APPICON_NAME = AppIcon;
				ASSETCATALOG_COMPILER_GLOBAL_ACCENT_COLOR_NAME = AccentColor;
				CODE_SIGN_ENTITLEMENTS = Nourish/Nourish.entitlements;
				CODE_SIGN_IDENTITY = "Apple Development";
				CODE_SIGN_STYLE = Automatic;
				CURRENT_PROJECT_VERSION = 52;
				DEVELOPMENT_TEAM = K623VDGZF8;
				ENABLE_PREVIEWS = YES;
				GENERATE_INFOPLIST_FILE = YES;
				INFOPLIST_KEY_NSSupportsLiveActivities = YES;
				"INFOPLIST_KEY_UIApplicationSceneManifest_Generation[sdk=iphoneos*]" = YES;
				"INFOPLIST_KEY_UIApplicationSceneManifest_Generation[sdk=iphonesimulator*]" = YES;
				"INFOPLIST_KEY_UIApplicationSupportsIndirectInputEvents[sdk=iphoneos*]" = YES;
				"INFOPLIST_KEY_UIApplicationSupportsIndirectInputEvents[sdk=iphonesimulator*]" = YES;
				"INFOPLIST_KEY_UILaunchScreen_Generation[sdk=iphoneos*]" = YES;
				"INFOPLIST_KEY_UILaunchScreen_Generation[sdk=iphonesimulator*]" = YES;
				"INFOPLIST_KEY_UILaunchScreen_UIColorName[sdk=iphoneos*]" = LaunchBackground;
				"INFOPLIST_KEY_UILaunchScreen_UIColorName[sdk=iphonesimulator*]" = LaunchBackground;
				"INFOPLIST_KEY_UILaunchScreen_UIImageName[sdk=iphoneos*]" = LaunchLogo;
				"INFOPLIST_KEY_UILaunchScreen_UIImageName[sdk=iphonesimulator*]" = LaunchLogo;
				"INFOPLIST_KEY_UIStatusBarStyle[sdk=iphoneos*]" = UIStatusBarStyleDefault;
				"INFOPLIST_KEY_UIStatusBarStyle[sdk=iphonesimulator*]" = UIStatusBarStyleDefault;
				INFOPLIST_KEY_UISupportedInterfaceOrientations_iPad = "UIInterfaceOrientationPortrait UIInterfaceOrientationPortraitUpsideDown UIInterfaceOrientationLandscapeLeft UIInterfaceOrientationLandscapeRight";
				INFOPLIST_KEY_UISupportedInterfaceOrientations_iPhone = "UIInterfaceOrientationPortrait UIInterfaceOrientationLandscapeLeft UIInterfaceOrientationLandscapeRight";
				IPHONEOS_DEPLOYMENT_TARGET = 17.0;
				LD_RUNPATH_SEARCH_PATHS = "@executable_path/Frameworks";
				MARKETING_VERSION = 1.5;
				PRODUCT_BUNDLE_IDENTIFIER = com.yael.nourish;
				PRODUCT_NAME = "$(TARGET_NAME)";
				PROVISIONING_PROFILE_SPECIFIER = "";
				SDKROOT = iphoneos;
				STRING_CATALOG_GENERATE_SYMBOLS = YES;
				SUPPORTED_PLATFORMS = "iphoneos iphonesimulator";
				SWIFT_APPROACHABLE_CONCURRENCY = YES;
				SWIFT_DEFAULT_ACTOR_ISOLATION = MainActor;
				SWIFT_EMIT_LOC_STRINGS = YES;
				SWIFT_UPCOMING_FEATURE_MEMBER_IMPORT_VISIBILITY = YES;
				SWIFT_VERSION = 5.0;
				TARGETED_DEVICE_FAMILY = "1,2";
			};
			name = Debug;
		};
		D88C2F482F9E0E4F00E02D22 /* Release */ = {
			isa = XCBuildConfiguration;
			buildSettings = {
				ASSETCATALOG_COMPILER_APPICON_NAME = AppIcon;
				ASSETCATALOG_COMPILER_GLOBAL_ACCENT_COLOR_NAME = AccentColor;
				CODE_SIGN_ENTITLEMENTS = Nourish/Nourish.entitlements;
				CODE_SIGN_IDENTITY = "Apple Development";
				CODE_SIGN_STYLE = Automatic;
				CURRENT_PROJECT_VERSION = 52;
				DEVELOPMENT_TEAM = K623VDGZF8;
				ENABLE_PREVIEWS = YES;
				GENERATE_INFOPLIST_FILE = YES;
				INFOPLIST_KEY_NSSupportsLiveActivities = YES;
				"INFOPLIST_KEY_UIApplicationSceneManifest_Generation[sdk=iphoneos*]" = YES;
				"INFOPLIST_KEY_UIApplicationSceneManifest_Generation[sdk=iphonesimulator*]" = YES;
				"INFOPLIST_KEY_UIApplicationSupportsIndirectInputEvents[sdk=iphoneos*]" = YES;
				"INFOPLIST_KEY_UIApplicationSupportsIndirectInputEvents[sdk=iphonesimulator*]" = YES;
				"INFOPLIST_KEY_UILaunchScreen_Generation[sdk=iphoneos*]" = YES;
				"INFOPLIST_KEY_UILaunchScreen_Generation[sdk=iphonesimulator*]" = YES;
				"INFOPLIST_KEY_UILaunchScreen_UIColorName[sdk=iphoneos*]" = LaunchBackground;
				"INFOPLIST_KEY_UILaunchScreen_UIColorName[sdk=iphonesimulator*]" = LaunchBackground;
				"INFOPLIST_KEY_UILaunchScreen_UIImageName[sdk=iphoneos*]" = LaunchLogo;
				"INFOPLIST_KEY_UILaunchScreen_UIImageName[sdk=iphonesimulator*]" = LaunchLogo;
				"INFOPLIST_KEY_UIStatusBarStyle[sdk=iphoneos*]" = UIStatusBarStyleDefault;
				"INFOPLIST_KEY_UIStatusBarStyle[sdk=iphonesimulator*]" = UIStatusBarStyleDefault;
				INFOPLIST_KEY_UISupportedInterfaceOrientations_iPad = "UIInterfaceOrientationPortrait UIInterfaceOrientationPortraitUpsideDown UIInterfaceOrientationLandscapeLeft UIInterfaceOrientationLandscapeRight";
				INFOPLIST_KEY_UISupportedInterfaceOrientations_iPhone = "UIInterfaceOrientationPortrait UIInterfaceOrientationLandscapeLeft UIInterfaceOrientationLandscapeRight";
				IPHONEOS_DEPLOYMENT_TARGET = 17.0;
				LD_RUNPATH_SEARCH_PATHS = "@executable_path/Frameworks";
				MARKETING_VERSION = 1.5;
				PRODUCT_BUNDLE_IDENTIFIER = com.yael.nourish;
				PRODUCT_NAME = "$(TARGET_NAME)";
				PROVISIONING_PROFILE_SPECIFIER = "";
				SDKROOT = iphoneos;
				STRING_CATALOG_GENERATE_SYMBOLS = YES;
				SUPPORTED_PLATFORMS = "iphoneos iphonesimulator";
				SWIFT_APPROACHABLE_CONCURRENCY = YES;
				SWIFT_DEFAULT_ACTOR_ISOLATION = MainActor;
				SWIFT_EMIT_LOC_STRINGS = YES;
				SWIFT_UPCOMING_FEATURE_MEMBER_IMPORT_VISIBILITY = YES;
				SWIFT_VERSION = 5.0;
				TARGETED_DEVICE_FAMILY = "1,2";
			};
			name = Release;
		};
/* End XCBuildConfiguration section */

/* Begin XCConfigurationList section */
		D810D4E12FAC897100DE2AC3 /* Build configuration list for PBXNativeTarget "NourishWidgetExtension" */ = {
			isa = XCConfigurationList;
			buildConfigurations = (
				D810D4E22FAC897100DE2AC3 /* Debug */,
				D810D4E32FAC897100DE2AC3 /* Release */,
			);
			defaultConfigurationIsVisible = 0;
			defaultConfigurationName = Release;
		};
		D88C2F362F9E0E4C00E02D22 /* Build configuration list for PBXProject "Nourish" */ = {
			isa = XCConfigurationList;
			buildConfigurations = (
				D88C2F442F9E0E4F00E02D22 /* Debug */,
				D88C2F452F9E0E4F00E02D22 /* Release */,
			);
			defaultConfigurationIsVisible = 0;
			defaultConfigurationName = Release;
		};
		D88C2F462F9E0E4F00E02D22 /* Build configuration list for PBXNativeTarget "Nourish" */ = {
			isa = XCConfigurationList;
			buildConfigurations = (
				D88C2F472F9E0E4F00E02D22 /* Debug */,
				D88C2F482F9E0E4F00E02D22 /* Release */,
			);
			defaultConfigurationIsVisible = 0;
			defaultConfigurationName = Release;
		};
/* End XCConfigurationList section */

/* Begin XCRemoteSwiftPackageReference section */
		FB10020000000000FB000001 /* XCRemoteSwiftPackageReference "firebase-ios-sdk" */ = {
			isa = XCRemoteSwiftPackageReference;
			repositoryURL = "https://github.com/firebase/firebase-ios-sdk";
			requirement = {
				kind = upToNextMajorVersion;
				minimumVersion = 11.0.0;
			};
		};
/* End XCRemoteSwiftPackageReference section */

/* Begin XCSwiftPackageProductDependency section */
		FB10010100000000FB000001 /* FirebaseAuth */ = {
			isa = XCSwiftPackageProductDependency;
			package = FB10020000000000FB000001 /* XCRemoteSwiftPackageReference "firebase-ios-sdk" */;
			productName = FirebaseAuth;
		};
		FB10010200000000FB000001 /* FirebaseCore */ = {
			isa = XCSwiftPackageProductDependency;
			package = FB10020000000000FB000001 /* XCRemoteSwiftPackageReference "firebase-ios-sdk" */;
			productName = FirebaseCore;
		};
		FB10010300000000FB000001 /* FirebaseFirestore */ = {
			isa = XCSwiftPackageProductDependency;
			package = FB10020000000000FB000001 /* XCRemoteSwiftPackageReference "firebase-ios-sdk" */;
			productName = FirebaseFirestore;
		};
		FB10010400000000FB000001 /* FirebaseAnalytics */ = {
			isa = XCSwiftPackageProductDependency;
			package = FB10020000000000FB000001 /* XCRemoteSwiftPackageReference "firebase-ios-sdk" */;
			productName = FirebaseAnalytics;
		};
/* End XCSwiftPackageProductDependency section */
	};
	rootObject = D88C2F332F9E0E4C00E02D22 /* Project object */;
}
